
Microsoft Visual Studio Solution File, Format Version 12.00
# Visual Studio Version 17
VisualStudioVersion = 17.1.32319.34
MinimumVisualStudioVersion = 10.0.40219.1
Project("{9A19103F-16F7-4668-BE54-9A1E7A4F7556}") = "JanHafner.TypeNameR", "JanHafner.TypeNameR\JanHafner.TypeNameR.csproj", "{21D7806A-5FF8-41A7-895B-8A024BE7814B}"
EndProject
Project("{9A19103F-16F7-4668-BE54-9A1E7A4F7556}") = "JanHafner.TypeNameR.Tests", "JanHafner.TypeNameR.Tests\JanHafner.TypeNameR.Tests.csproj", "{9BCEB41A-61EF-4E50-9734-7B4B4C19DC3C}"
EndProject
Project("{9A19103F-16F7-4668-BE54-9A1E7A4F7556}") = "JanHafner.TypeNameR.Benchmark", "JanHafner.TypeNameR.Benchmark\JanHafner.TypeNameR.Benchmark.csproj", "{4DACCEC4-4924-4EB8-87B3-4212EAD6A9F2}"
EndProject
Project("{9A19103F-16F7-4668-BE54-9A1E7A4F7556}") = "Serilog.Extensions.TypeNameR", "Serilog.Extensions.TypeNameR\Serilog.Extensions.TypeNameR.csproj", "{A8F72112-6C0B-4BEA-AEB7-B960E54D248C}"
EndProject
Project("{9A19103F-16F7-4668-BE54-9A1E7A4F7556}") = "JanHafner.TypeNameR.StackTrace", "JanHafner.TypeNameR.StackTrace\JanHafner.TypeNameR.StackTrace.csproj", "{98D54D88-B851-4FB7-8E2C-E9CF70C795A6}"
EndProject
Project("{FAE04EC0-301F-11D3-BF4B-00C04F79EFBC}") = "JanHafner.TypeNameR.BenchmarkAndTestUtils", "JanHafner.TypeNameR.BenchmarkAndTestUtils\JanHafner.TypeNameR.BenchmarkAndTestUtils.csproj", "{09A52D2F-478A-4F33-8C70-CE5018C86FCB}"
EndProject
Project("{FAE04EC0-301F-11D3-BF4B-00C04F79EFBC}") = "Serilog.Extensions.TypeNameR.Tests", "Serilog.Extensions.TypeNameR.Tests\Serilog.Extensions.TypeNameR.Tests.csproj", "{C59AD229-DDD7-41C8-A004-AC71F99518BE}"
EndProject
Project("{2150E333-8FDC-42A3-9474-1A3956D46DE8}") = "Solution Items", "Solution Items", "{09D8030F-32D4-4FFF-A119-5462368FB3E0}"
	ProjectSection(SolutionItems) = preProject
		Directory.Packages.props = Directory.Packages.props
	EndProjectSection
EndProject
Project("{FAE04EC0-301F-11D3-BF4B-00C04F79EFBC}") = "JanHafner.TypeNameR.Experimental", "JanHafner.TypeNameR.Experimental\JanHafner.TypeNameR.Experimental.csproj", "{571B2825-D2E8-4BEB-B36C-C02124942053}"
EndProject
Global
	GlobalSection(SolutionConfigurationPlatforms) = preSolution
		Debug|Any CPU = Debug|Any CPU
		Release|Any CPU = Release|Any CPU
	EndGlobalSection
	GlobalSection(ProjectConfigurationPlatforms) = postSolution
		{21D7806A-5FF8-41A7-895B-8A024BE7814B}.Debug|Any CPU.ActiveCfg = Debug|Any CPU
		{21D7806A-5FF8-41A7-895B-8A024BE7814B}.Debug|Any CPU.Build.0 = Debug|Any CPU
		{21D7806A-5FF8-41A7-895B-8A024BE7814B}.Release|Any CPU.ActiveCfg = Release|Any CPU
		{21D7806A-5FF8-41A7-895B-8A024BE7814B}.Release|Any CPU.Build.0 = Release|Any CPU
		{9BCEB41A-61EF-4E50-9734-7B4B4C19DC3C}.Debug|Any CPU.ActiveCfg = Debug|Any CPU
		{9BCEB41A-61EF-4E50-9734-7B4B4C19DC3C}.Debug|Any CPU.Build.0 = Debug|Any CPU
		{9BCEB41A-61EF-4E50-9734-7B4B4C19DC3C}.Release|Any CPU.ActiveCfg = Release|Any CPU
		{9BCEB41A-61EF-4E50-9734-7B4B4C19DC3C}.Release|Any CPU.Build.0 = Release|Any CPU
		{4DACCEC4-4924-4EB8-87B3-4212EAD6A9F2}.Debug|Any CPU.ActiveCfg = Debug|Any CPU
		{4DACCEC4-4924-4EB8-87B3-4212EAD6A9F2}.Debug|Any CPU.Build.0 = Debug|Any CPU
		{4DACCEC4-4924-4EB8-87B3-4212EAD6A9F2}.Release|Any CPU.ActiveCfg = Release|Any CPU
		{4DACCEC4-4924-4EB8-87B3-4212EAD6A9F2}.Release|Any CPU.Build.0 = Release|Any CPU
		{A8F72112-6C0B-4BEA-AEB7-B960E54D248C}.Debug|Any CPU.ActiveCfg = Debug|Any CPU
		{A8F72112-6C0B-4BEA-AEB7-B960E54D248C}.Debug|Any CPU.Build.0 = Debug|Any CPU
		{A8F72112-6C0B-4BEA-AEB7-B960E54D248C}.Release|Any CPU.ActiveCfg = Release|Any CPU
		{A8F72112-6C0B-4BEA-AEB7-B960E54D248C}.Release|Any CPU.Build.0 = Release|Any CPU
		{98D54D88-B851-4FB7-8E2C-E9CF70C795A6}.Debug|Any CPU.ActiveCfg = Debug|Any CPU
		{98D54D88-B851-4FB7-8E2C-E9CF70C795A6}.Debug|Any CPU.Build.0 = Debug|Any CPU
		{98D54D88-B851-4FB7-8E2C-E9CF70C795A6}.Release|Any CPU.ActiveCfg = Release|Any CPU
		{98D54D88-B851-4FB7-8E2C-E9CF70C795A6}.Release|Any CPU.Build.0 = Release|Any CPU
		{09A52D2F-478A-4F33-8C70-CE5018C86FCB}.Debug|Any CPU.ActiveCfg = Debug|Any CPU
		{09A52D2F-478A-4F33-8C70-CE5018C86FCB}.Debug|Any CPU.Build.0 = Debug|Any CPU
		{09A52D2F-478A-4F33-8C70-CE5018C86FCB}.Release|Any CPU.ActiveCfg = Release|Any CPU
		{09A52D2F-478A-4F33-8C70-CE5018C86FCB}.Release|Any CPU.Build.0 = Release|Any CPU
		{C59AD229-DDD7-41C8-A004-AC71F99518BE}.Debug|Any CPU.ActiveCfg = Debug|Any CPU
		{C59AD229-DDD7-41C8-A004-AC71F99518BE}.Debug|Any CPU.Build.0 = Debug|Any CPU
		{C59AD229-DDD7-41C8-A004-AC71F99518BE}.Release|Any CPU.ActiveCfg = Release|Any CPU
		{C59AD229-DDD7-41C8-A004-AC71F99518BE}.Release|Any CPU.Build.0 = Release|Any CPU
		{571B2825-D2E8-4BEB-B36C-C02124942053}.Debug|Any CPU.ActiveCfg = Debug|Any CPU
		{571B2825-D2E8-4BEB-B36C-C02124942053}.Debug|Any CPU.Build.0 = Debug|Any CPU
		{571B2825-D2E8-4BEB-B36C-C02124942053}.Release|Any CPU.ActiveCfg = Release|Any CPU
		{571B2825-D2E8-4BEB-B36C-C02124942053}.Release|Any CPU.Build.0 = Release|Any CPU
	EndGlobalSection
	GlobalSection(SolutionProperties) = preSolution
		HideSolutionNode = FALSE
	EndGlobalSection
	GlobalSection(ExtensibilityGlobals) = postSolution
		SolutionGuid = {02FF0E70-47F9-4ED5-9316-019DF184A5D1}
	EndGlobalSection
EndGlobal
