
Microsoft Visual Studio Solution File, Format Version 12.00
# Visual Studio Version 17
VisualStudioVersion = 17.1.32319.34
MinimumVisualStudioVersion = 10.0.40219.1
Project("{9A19103F-16F7-4668-BE54-9A1E7A4F7556}") = "JanHafner.TypeNameExtractor", "JanHafner.TypeNameExtractor\JanHafner.TypeNameExtractor.csproj", "{21D7806A-5FF8-41A7-895B-8A024BE7814B}"
EndProject
Project("{9A19103F-16F7-4668-BE54-9A1E7A4F7556}") = "JanHafner.TypeNameExtractor.Tests", "JanHafner.TypeNameExtractor.Tests\JanHafner.TypeNameExtractor.Tests.csproj", "{9BCEB41A-61EF-4E50-9734-7B4B4C19DC3C}"
EndProject
Project("{FAE04EC0-301F-11D3-BF4B-00C04F79EFBC}") = "JanHafner.TypeNameExtractor.Benchmark", "JanHafner.TypeNameExtractor.Benchmark\JanHafner.TypeNameExtractor.Benchmark.csproj", "{4DACCEC4-4924-4EB8-87B3-4212EAD6A9F2}"
EndProject
Global
	GlobalSection(SolutionConfigurationPlatforms) = preSolution
		Debug|Any CPU = Debug|Any CPU
		Release|Any CPU = Release|Any CPU
	EndGlobalSection
	GlobalSection(ProjectConfigurationPlatforms) = postSolution
		{21D7806A-5FF8-41A7-895B-8A024BE7814B}.Debug|Any CPU.ActiveCfg = Debug|Any CPU
		{21D7806A-5FF8-41A7-895B-8A024BE7814B}.Debug|Any CPU.Build.0 = Debug|Any CPU
		{21D7806A-5FF8-41A7-895B-8A024BE7814B}.Release|Any CPU.ActiveCfg = Release|Any CPU
		{21D7806A-5FF8-41A7-895B-8A024BE7814B}.Release|Any CPU.Build.0 = Release|Any CPU
		{9BCEB41A-61EF-4E50-9734-7B4B4C19DC3C}.Debug|Any CPU.ActiveCfg = Debug|Any CPU
		{9BCEB41A-61EF-4E50-9734-7B4B4C19DC3C}.Debug|Any CPU.Build.0 = Debug|Any CPU
		{9BCEB41A-61EF-4E50-9734-7B4B4C19DC3C}.Release|Any CPU.ActiveCfg = Release|Any CPU
		{9BCEB41A-61EF-4E50-9734-7B4B4C19DC3C}.Release|Any CPU.Build.0 = Release|Any CPU
		{4DACCEC4-4924-4EB8-87B3-4212EAD6A9F2}.Debug|Any CPU.ActiveCfg = Debug|Any CPU
		{4DACCEC4-4924-4EB8-87B3-4212EAD6A9F2}.Debug|Any CPU.Build.0 = Debug|Any CPU
		{4DACCEC4-4924-4EB8-87B3-4212EAD6A9F2}.Release|Any CPU.ActiveCfg = Release|Any CPU
		{4DACCEC4-4924-4EB8-87B3-4212EAD6A9F2}.Release|Any CPU.Build.0 = Release|Any CPU
	EndGlobalSection
	GlobalSection(SolutionProperties) = preSolution
		HideSolutionNode = FALSE
	EndGlobalSection
	GlobalSection(ExtensibilityGlobals) = postSolution
		SolutionGuid = {02FF0E70-47F9-4ED5-9316-019DF184A5D1}
	EndGlobalSection
EndGlobal
